
Microsoft Visual Studio Solution File, Format Version 12.00
# Visual Studio Version 17
VisualStudioVersion = 17.14.36908.2 d17.14
MinimumVisualStudioVersion = 10.0.40219.1
Project("{FAE04EC0-301F-11D3-BF4B-00C04F79EFBC}") = "15_Calculator", "15_Calculator\15_Calculator.csproj", "{2EDD8849-F7FB-4D0C-B89E-AAE0ABC7BC5B}"
EndProject
Global
	GlobalSection(SolutionConfigurationPlatforms) = preSolution
		Debug|Any CPU = Debug|Any CPU
		Release|Any CPU = Release|Any CPU
	EndGlobalSection
	GlobalSection(ProjectConfigurationPlatforms) = postSolution
		{2EDD8849-F7FB-4D0C-B89E-AAE0ABC7BC5B}.Debug|Any CPU.ActiveCfg = Debug|Any CPU
		{2EDD8849-F7FB-4D0C-B89E-AAE0ABC7BC5B}.Debug|Any CPU.Build.0 = Debug|Any CPU
		{2EDD8849-F7FB-4D0C-B89E-AAE0ABC7BC5B}.Release|Any CPU.ActiveCfg = Release|Any CPU
		{2EDD8849-F7FB-4D0C-B89E-AAE0ABC7BC5B}.Release|Any CPU.Build.0 = Release|Any CPU
	EndGlobalSection
	GlobalSection(SolutionProperties) = preSolution
		HideSolutionNode = FALSE
	EndGlobalSection
	GlobalSection(ExtensibilityGlobals) = postSolution
		SolutionGuid = {79BA2E59-C0D5-4088-ABD4-840EC33C0920}
	EndGlobalSection
EndGlobal
